// !$*UTF8*$!
{
	archiveVersion = 1;
	classes = {
	};
	objectVersion = 56;
	objects = {

/* Begin PBXBuildFile section */
		307962542AE2D7970062317F /* MapContainer.swift in Sources */ = {isa = PBXBuildFile; fileRef = 307962532AE2D7970062317F /* MapContainer.swift */; };
		307962562AE2D9A10062317F /* MapContainerCoordinator.swift in Sources */ = {isa = PBXBuildFile; fileRef = 307962552AE2D9A10062317F /* MapContainerCoordinator.swift */; };
		30BE203D2ADC31F800642F44 /* chargeclausApp.swift in Sources */ = {isa = PBXBuildFile; fileRef = 30BE203C2ADC31F800642F44 /* chargeclausApp.swift */; };
		30BE203F2ADC31F800642F44 /* ContentView.swift in Sources */ = {isa = PBXBuildFile; fileRef = 30BE203E2ADC31F800642F44 /* ContentView.swift */; };
		30BE20412ADC31F800642F44 /* Item.swift in Sources */ = {isa = PBXBuildFile; fileRef = 30BE20402ADC31F800642F44 /* Item.swift */; };
		30BE20432ADC31F900642F44 /* Assets.xcassets in Resources */ = {isa = PBXBuildFile; fileRef = 30BE20422ADC31F900642F44 /* Assets.xcassets */; };
		30BE20462ADC31F900642F44 /* Preview Assets.xcassets in Resources */ = {isa = PBXBuildFile; fileRef = 30BE20452ADC31F900642F44 /* Preview Assets.xcassets */; };
		30BE20502ADC31F900642F44 /* chargeclausTests.swift in Sources */ = {isa = PBXBuildFile; fileRef = 30BE204F2ADC31F900642F44 /* chargeclausTests.swift */; };
		30BE205A2ADC31F900642F44 /* chargeclausUITests.swift in Sources */ = {isa = PBXBuildFile; fileRef = 30BE20592ADC31F900642F44 /* chargeclausUITests.swift */; };
		30BE205C2ADC31F900642F44 /* chargeclausUITestsLaunchTests.swift in Sources */ = {isa = PBXBuildFile; fileRef = 30BE205B2ADC31F900642F44 /* chargeclausUITestsLaunchTests.swift */; };
		30BE206D2ADC323100642F44 /* Location.swift in Sources */ = {isa = PBXBuildFile; fileRef = 30BE206C2ADC323100642F44 /* Location.swift */; };
		30BE20712ADC436C00642F44 /* GoogleService-Info.plist in Resources */ = {isa = PBXBuildFile; fileRef = 30BE20702ADC436C00642F44 /* GoogleService-Info.plist */; };
		30BE20742ADC44BB00642F44 /* FirebaseAnalytics in Frameworks */ = {isa = PBXBuildFile; productRef = 30BE20732ADC44BB00642F44 /* FirebaseAnalytics */; };
		30BE20762ADC44BB00642F44 /* FirebaseAnalyticsSwift in Frameworks */ = {isa = PBXBuildFile; productRef = 30BE20752ADC44BB00642F44 /* FirebaseAnalyticsSwift */; };
		30BE20782ADC44BB00642F44 /* FirebaseAuth in Frameworks */ = {isa = PBXBuildFile; productRef = 30BE20772ADC44BB00642F44 /* FirebaseAuth */; };
		30BE207A2ADC44BB00642F44 /* FirebaseFirestore in Frameworks */ = {isa = PBXBuildFile; productRef = 30BE20792ADC44BB00642F44 /* FirebaseFirestore */; };
		30BE207C2ADC44BB00642F44 /* FirebaseFirestoreCombine-Community in Frameworks */ = {isa = PBXBuildFile; productRef = 30BE207B2ADC44BB00642F44 /* FirebaseFirestoreCombine-Community */; };
		30BE207E2ADC44BB00642F44 /* FirebaseFirestoreSwift in Frameworks */ = {isa = PBXBuildFile; productRef = 30BE207D2ADC44BB00642F44 /* FirebaseFirestoreSwift */; };
		30BE20802ADC44BB00642F44 /* FirebaseMessaging in Frameworks */ = {isa = PBXBuildFile; productRef = 30BE207F2ADC44BB00642F44 /* FirebaseMessaging */; };
		30BE20822ADC4D2B00642F44 /* AppSettings.swift in Sources */ = {isa = PBXBuildFile; fileRef = 30BE20812ADC4D2B00642F44 /* AppSettings.swift */; };
		30BE20842ADC4D5600642F44 /* Tab.swift in Sources */ = {isa = PBXBuildFile; fileRef = 30BE20832ADC4D5600642F44 /* Tab.swift */; };
		30BE208A2ADC4ED800642F44 /* HomeView.swift in Sources */ = {isa = PBXBuildFile; fileRef = 30BE20892ADC4ED800642F44 /* HomeView.swift */; };
		30BE208C2ADC4EE300642F44 /* ChargeNowView.swift in Sources */ = {isa = PBXBuildFile; fileRef = 30BE208B2ADC4EE200642F44 /* ChargeNowView.swift */; };
		30BE208E2ADC4EEB00642F44 /* HistoryView.swift in Sources */ = {isa = PBXBuildFile; fileRef = 30BE208D2ADC4EEB00642F44 /* HistoryView.swift */; };
		30BE20902ADC4EF200642F44 /* MoreView.swift in Sources */ = {isa = PBXBuildFile; fileRef = 30BE208F2ADC4EF200642F44 /* MoreView.swift */; };
		30BE20932ADC509300642F44 /* Localizable.xcstrings in Resources */ = {isa = PBXBuildFile; fileRef = 30BE20922ADC509300642F44 /* Localizable.xcstrings */; };
/* End PBXBuildFile section */

/* Begin PBXContainerItemProxy section */
		30BE204C2ADC31F900642F44 /* PBXContainerItemProxy */ = {
			isa = PBXContainerItemProxy;
			containerPortal = 30BE20312ADC31F800642F44 /* Project object */;
			proxyType = 1;
			remoteGlobalIDString = 30BE20382ADC31F800642F44;
			remoteInfo = chargeclaus;
		};
		30BE20562ADC31F900642F44 /* PBXContainerItemProxy */ = {
			isa = PBXContainerItemProxy;
			containerPortal = 30BE20312ADC31F800642F44 /* Project object */;
			proxyType = 1;
			remoteGlobalIDString = 30BE20382ADC31F800642F44;
			remoteInfo = chargeclaus;
		};
/* End PBXContainerItemProxy section */

/* Begin PBXFileReference section */
		307962532AE2D7970062317F /* MapContainer.swift */ = {isa = PBXFileReference; lastKnownFileType = sourcecode.swift; path = MapContainer.swift; sourceTree = "<group>"; };
		307962552AE2D9A10062317F /* MapContainerCoordinator.swift */ = {isa = PBXFileReference; lastKnownFileType = sourcecode.swift; path = MapContainerCoordinator.swift; sourceTree = "<group>"; };
		30BE20392ADC31F800642F44 /* chargeclaus.app */ = {isa = PBXFileReference; explicitFileType = wrapper.application; includeInIndex = 0; path = chargeclaus.app; sourceTree = BUILT_PRODUCTS_DIR; };
		30BE203C2ADC31F800642F44 /* chargeclausApp.swift */ = {isa = PBXFileReference; lastKnownFileType = sourcecode.swift; path = chargeclausApp.swift; sourceTree = "<group>"; };
		30BE203E2ADC31F800642F44 /* ContentView.swift */ = {isa = PBXFileReference; lastKnownFileType = sourcecode.swift; path = ContentView.swift; sourceTree = "<group>"; };
		30BE20402ADC31F800642F44 /* Item.swift */ = {isa = PBXFileReference; lastKnownFileType = sourcecode.swift; path = Item.swift; sourceTree = "<group>"; };
		30BE20422ADC31F900642F44 /* Assets.xcassets */ = {isa = PBXFileReference; lastKnownFileType = folder.assetcatalog; path = Assets.xcassets; sourceTree = "<group>"; };
		30BE20452ADC31F900642F44 /* Preview Assets.xcassets */ = {isa = PBXFileReference; lastKnownFileType = folder.assetcatalog; path = "Preview Assets.xcassets"; sourceTree = "<group>"; };
		30BE204B2ADC31F900642F44 /* chargeclausTests.xctest */ = {isa = PBXFileReference; explicitFileType = wrapper.cfbundle; includeInIndex = 0; path = chargeclausTests.xctest; sourceTree = BUILT_PRODUCTS_DIR; };
		30BE204F2ADC31F900642F44 /* chargeclausTests.swift */ = {isa = PBXFileReference; lastKnownFileType = sourcecode.swift; path = chargeclausTests.swift; sourceTree = "<group>"; };
		30BE20552ADC31F900642F44 /* chargeclausUITests.xctest */ = {isa = PBXFileReference; explicitFileType = wrapper.cfbundle; includeInIndex = 0; path = chargeclausUITests.xctest; sourceTree = BUILT_PRODUCTS_DIR; };
		30BE20592ADC31F900642F44 /* chargeclausUITests.swift */ = {isa = PBXFileReference; lastKnownFileType = sourcecode.swift; path = chargeclausUITests.swift; sourceTree = "<group>"; };
		30BE205B2ADC31F900642F44 /* chargeclausUITestsLaunchTests.swift */ = {isa = PBXFileReference; lastKnownFileType = sourcecode.swift; path = chargeclausUITestsLaunchTests.swift; sourceTree = "<group>"; };
		30BE206C2ADC323100642F44 /* Location.swift */ = {isa = PBXFileReference; lastKnownFileType = sourcecode.swift; path = Location.swift; sourceTree = "<group>"; };
		30BE20702ADC436C00642F44 /* GoogleService-Info.plist */ = {isa = PBXFileReference; fileEncoding = 4; lastKnownFileType = text.plist.xml; path = "GoogleService-Info.plist"; sourceTree = "<group>"; };
		30BE20812ADC4D2B00642F44 /* AppSettings.swift */ = {isa = PBXFileReference; lastKnownFileType = sourcecode.swift; path = AppSettings.swift; sourceTree = "<group>"; };
		30BE20832ADC4D5600642F44 /* Tab.swift */ = {isa = PBXFileReference; lastKnownFileType = sourcecode.swift; path = Tab.swift; sourceTree = "<group>"; };
		30BE20892ADC4ED800642F44 /* HomeView.swift */ = {isa = PBXFileReference; lastKnownFileType = sourcecode.swift; path = HomeView.swift; sourceTree = "<group>"; };
		30BE208B2ADC4EE200642F44 /* ChargeNowView.swift */ = {isa = PBXFileReference; lastKnownFileType = sourcecode.swift; path = ChargeNowView.swift; sourceTree = "<group>"; };
		30BE208D2ADC4EEB00642F44 /* HistoryView.swift */ = {isa = PBXFileReference; lastKnownFileType = sourcecode.swift; path = HistoryView.swift; sourceTree = "<group>"; };
		30BE208F2ADC4EF200642F44 /* MoreView.swift */ = {isa = PBXFileReference; lastKnownFileType = sourcecode.swift; path = MoreView.swift; sourceTree = "<group>"; };
		30BE20922ADC509300642F44 /* Localizable.xcstrings */ = {isa = PBXFileReference; lastKnownFileType = text.json.xcstrings; path = Localizable.xcstrings; sourceTree = "<group>"; };
/* End PBXFileReference section */

/* Begin PBXFrameworksBuildPhase section */
		30BE20362ADC31F800642F44 /* Frameworks */ = {
			isa = PBXFrameworksBuildPhase;
			buildActionMask = 2147483647;
			files = (
				30BE20762ADC44BB00642F44 /* FirebaseAnalyticsSwift in Frameworks */,
				30BE207A2ADC44BB00642F44 /* FirebaseFirestore in Frameworks */,
				30BE20802ADC44BB00642F44 /* FirebaseMessaging in Frameworks */,
				30BE20782ADC44BB00642F44 /* FirebaseAuth in Frameworks */,
				30BE207C2ADC44BB00642F44 /* FirebaseFirestoreCombine-Community in Frameworks */,
				30BE20742ADC44BB00642F44 /* FirebaseAnalytics in Frameworks */,
				30BE207E2ADC44BB00642F44 /* FirebaseFirestoreSwift in Frameworks */,
			);
			runOnlyForDeploymentPostprocessing = 0;
		};
		30BE20482ADC31F900642F44 /* Frameworks */ = {
			isa = PBXFrameworksBuildPhase;
			buildActionMask = 2147483647;
			files = (
			);
			runOnlyForDeploymentPostprocessing = 0;
		};
		30BE20522ADC31F900642F44 /* Frameworks */ = {
			isa = PBXFrameworksBuildPhase;
			buildActionMask = 2147483647;
			files = (
			);
			runOnlyForDeploymentPostprocessing = 0;
		};
/* End PBXFrameworksBuildPhase section */

/* Begin PBXGroup section */
		307962522AE2D78B0062317F /* Map */ = {
			isa = PBXGroup;
			children = (
				307962532AE2D7970062317F /* MapContainer.swift */,
				307962552AE2D9A10062317F /* MapContainerCoordinator.swift */,
			);
			path = Map;
			sourceTree = "<group>";
		};
		30BE20302ADC31F800642F44 = {
			isa = PBXGroup;
			children = (
				30BE203B2ADC31F800642F44 /* chargeclaus */,
				30BE204E2ADC31F900642F44 /* chargeclausTests */,
				30BE20582ADC31F900642F44 /* chargeclausUITests */,
				30BE203A2ADC31F800642F44 /* Products */,
			);
			sourceTree = "<group>";
		};
		30BE203A2ADC31F800642F44 /* Products */ = {
			isa = PBXGroup;
			children = (
				30BE20392ADC31F800642F44 /* chargeclaus.app */,
				30BE204B2ADC31F900642F44 /* chargeclausTests.xctest */,
				30BE20552ADC31F900642F44 /* chargeclausUITests.xctest */,
			);
			name = Products;
			sourceTree = "<group>";
		};
		30BE203B2ADC31F800642F44 /* chargeclaus */ = {
			isa = PBXGroup;
			children = (
				30BE20912ADC508700642F44 /* Localization */,
				30BE206A2ADC321C00642F44 /* Views */,
				30BE20692ADC321800642F44 /* Services */,
				30BE20682ADC321300642F44 /* Models */,
				30BE203C2ADC31F800642F44 /* chargeclausApp.swift */,
				30BE20422ADC31F900642F44 /* Assets.xcassets */,
				30BE20702ADC436C00642F44 /* GoogleService-Info.plist */,
				30BE20442ADC31F900642F44 /* Preview Content */,
			);
			path = chargeclaus;
			sourceTree = "<group>";
		};
		30BE20442ADC31F900642F44 /* Preview Content */ = {
			isa = PBXGroup;
			children = (
				30BE20452ADC31F900642F44 /* Preview Assets.xcassets */,
			);
			path = "Preview Content";
			sourceTree = "<group>";
		};
		30BE204E2ADC31F900642F44 /* chargeclausTests */ = {
			isa = PBXGroup;
			children = (
				30BE204F2ADC31F900642F44 /* chargeclausTests.swift */,
			);
			path = chargeclausTests;
			sourceTree = "<group>";
		};
		30BE20582ADC31F900642F44 /* chargeclausUITests */ = {
			isa = PBXGroup;
			children = (
				30BE20592ADC31F900642F44 /* chargeclausUITests.swift */,
				30BE205B2ADC31F900642F44 /* chargeclausUITestsLaunchTests.swift */,
			);
			path = chargeclausUITests;
			sourceTree = "<group>";
		};
		30BE20682ADC321300642F44 /* Models */ = {
			isa = PBXGroup;
			children = (
				30BE20402ADC31F800642F44 /* Item.swift */,
				30BE206C2ADC323100642F44 /* Location.swift */,
				30BE20832ADC4D5600642F44 /* Tab.swift */,
			);
			path = Models;
			sourceTree = "<group>";
		};
		30BE20692ADC321800642F44 /* Services */ = {
			isa = PBXGroup;
			children = (
				30BE20812ADC4D2B00642F44 /* AppSettings.swift */,
			);
			path = Services;
			sourceTree = "<group>";
		};
		30BE206A2ADC321C00642F44 /* Views */ = {
			isa = PBXGroup;
			children = (
				307962522AE2D78B0062317F /* Map */,
				30BE20882ADC4ECD00642F44 /* More */,
				30BE20872ADC4EC500642F44 /* History */,
				30BE20862ADC4EBF00642F44 /* Charge Now */,
				30BE20852ADC4EB700642F44 /* Home */,
				30BE203E2ADC31F800642F44 /* ContentView.swift */,
			);
			path = Views;
			sourceTree = "<group>";
		};
		30BE20852ADC4EB700642F44 /* Home */ = {
			isa = PBXGroup;
			children = (
				30BE20892ADC4ED800642F44 /* HomeView.swift */,
			);
			path = Home;
			sourceTree = "<group>";
		};
		30BE20862ADC4EBF00642F44 /* Charge Now */ = {
			isa = PBXGroup;
			children = (
				30BE208B2ADC4EE200642F44 /* ChargeNowView.swift */,
			);
			path = "Charge Now";
			sourceTree = "<group>";
		};
		30BE20872ADC4EC500642F44 /* History */ = {
			isa = PBXGroup;
			children = (
				30BE208D2ADC4EEB00642F44 /* HistoryView.swift */,
			);
			path = History;
			sourceTree = "<group>";
		};
		30BE20882ADC4ECD00642F44 /* More */ = {
			isa = PBXGroup;
			children = (
				30BE208F2ADC4EF200642F44 /* MoreView.swift */,
			);
			path = More;
			sourceTree = "<group>";
		};
		30BE20912ADC508700642F44 /* Localization */ = {
			isa = PBXGroup;
			children = (
				30BE20922ADC509300642F44 /* Localizable.xcstrings */,
			);
			path = Localization;
			sourceTree = "<group>";
		};
/* End PBXGroup section */

/* Begin PBXNativeTarget section */
		30BE20382ADC31F800642F44 /* chargeclaus */ = {
			isa = PBXNativeTarget;
			buildConfigurationList = 30BE205F2ADC31F900642F44 /* Build configuration list for PBXNativeTarget "chargeclaus" */;
			buildPhases = (
				30BE20352ADC31F800642F44 /* Sources */,
				30BE20362ADC31F800642F44 /* Frameworks */,
				30BE20372ADC31F800642F44 /* Resources */,
			);
			buildRules = (
			);
			dependencies = (
			);
			name = chargeclaus;
			packageProductDependencies = (
				30BE20732ADC44BB00642F44 /* FirebaseAnalytics */,
				30BE20752ADC44BB00642F44 /* FirebaseAnalyticsSwift */,
				30BE20772ADC44BB00642F44 /* FirebaseAuth */,
				30BE20792ADC44BB00642F44 /* FirebaseFirestore */,
				30BE207B2ADC44BB00642F44 /* FirebaseFirestoreCombine-Community */,
				30BE207D2ADC44BB00642F44 /* FirebaseFirestoreSwift */,
				30BE207F2ADC44BB00642F44 /* FirebaseMessaging */,
			);
			productName = chargeclaus;
			productReference = 30BE20392ADC31F800642F44 /* chargeclaus.app */;
			productType = "com.apple.product-type.application";
		};
		30BE204A2ADC31F900642F44 /* chargeclausTests */ = {
			isa = PBXNativeTarget;
			buildConfigurationList = 30BE20622ADC31F900642F44 /* Build configuration list for PBXNativeTarget "chargeclausTests" */;
			buildPhases = (
				30BE20472ADC31F900642F44 /* Sources */,
				30BE20482ADC31F900642F44 /* Frameworks */,
				30BE20492ADC31F900642F44 /* Resources */,
			);
			buildRules = (
			);
			dependencies = (
				30BE204D2ADC31F900642F44 /* PBXTargetDependency */,
			);
			name = chargeclausTests;
			productName = chargeclausTests;
			productReference = 30BE204B2ADC31F900642F44 /* chargeclausTests.xctest */;
			productType = "com.apple.product-type.bundle.unit-test";
		};
		30BE20542ADC31F900642F44 /* chargeclausUITests */ = {
			isa = PBXNativeTarget;
			buildConfigurationList = 30BE20652ADC31F900642F44 /* Build configuration list for PBXNativeTarget "chargeclausUITests" */;
			buildPhases = (
				30BE20512ADC31F900642F44 /* Sources */,
				30BE20522ADC31F900642F44 /* Frameworks */,
				30BE20532ADC31F900642F44 /* Resources */,
			);
			buildRules = (
			);
			dependencies = (
				30BE20572ADC31F900642F44 /* PBXTargetDependency */,
			);
			name = chargeclausUITests;
			productName = chargeclausUITests;
			productReference = 30BE20552ADC31F900642F44 /* chargeclausUITests.xctest */;
			productType = "com.apple.product-type.bundle.ui-testing";
		};
/* End PBXNativeTarget section */

/* Begin PBXProject section */
		30BE20312ADC31F800642F44 /* Project object */ = {
			isa = PBXProject;
			attributes = {
				BuildIndependentTargetsInParallel = 1;
				LastSwiftUpdateCheck = 1500;
				LastUpgradeCheck = 1500;
				TargetAttributes = {
					30BE20382ADC31F800642F44 = {
						CreatedOnToolsVersion = 15.0;
					};
					30BE204A2ADC31F900642F44 = {
						CreatedOnToolsVersion = 15.0;
						TestTargetID = 30BE20382ADC31F800642F44;
					};
					30BE20542ADC31F900642F44 = {
						CreatedOnToolsVersion = 15.0;
						TestTargetID = 30BE20382ADC31F800642F44;
					};
				};
			};
			buildConfigurationList = 30BE20342ADC31F800642F44 /* Build configuration list for PBXProject "chargeclaus" */;
			compatibilityVersion = "Xcode 14.0";
			developmentRegion = de;
			hasScannedForEncodings = 0;
			knownRegions = (
				en,
				Base,
				de,
			);
			mainGroup = 30BE20302ADC31F800642F44;
			packageReferences = (
				30BE20722ADC44BB00642F44 /* XCRemoteSwiftPackageReference "firebase-ios-sdk" */,
			);
			productRefGroup = 30BE203A2ADC31F800642F44 /* Products */;
			projectDirPath = "";
			projectRoot = "";
			targets = (
				30BE20382ADC31F800642F44 /* chargeclaus */,
				30BE204A2ADC31F900642F44 /* chargeclausTests */,
				30BE20542ADC31F900642F44 /* chargeclausUITests */,
			);
		};
/* End PBXProject section */

/* Begin PBXResourcesBuildPhase section */
		30BE20372ADC31F800642F44 /* Resources */ = {
			isa = PBXResourcesBuildPhase;
			buildActionMask = 2147483647;
			files = (
				30BE20462ADC31F900642F44 /* Preview Assets.xcassets in Resources */,
				30BE20432ADC31F900642F44 /* Assets.xcassets in Resources */,
				30BE20932ADC509300642F44 /* Localizable.xcstrings in Resources */,
				30BE20712ADC436C00642F44 /* GoogleService-Info.plist in Resources */,
			);
			runOnlyForDeploymentPostprocessing = 0;
		};
		30BE20492ADC31F900642F44 /* Resources */ = {
			isa = PBXResourcesBuildPhase;
			buildActionMask = 2147483647;
			files = (
			);
			runOnlyForDeploymentPostprocessing = 0;
		};
		30BE20532ADC31F900642F44 /* Resources */ = {
			isa = PBXResourcesBuildPhase;
			buildActionMask = 2147483647;
			files = (
			);
			runOnlyForDeploymentPostprocessing = 0;
		};
/* End PBXResourcesBuildPhase section */

/* Begin PBXSourcesBuildPhase section */
		30BE20352ADC31F800642F44 /* Sources */ = {
			isa = PBXSourcesBuildPhase;
			buildActionMask = 2147483647;
			files = (
				30BE203F2ADC31F800642F44 /* ContentView.swift in Sources */,
				30BE20412ADC31F800642F44 /* Item.swift in Sources */,
				30BE206D2ADC323100642F44 /* Location.swift in Sources */,
				307962542AE2D7970062317F /* MapContainer.swift in Sources */,
				30BE208A2ADC4ED800642F44 /* HomeView.swift in Sources */,
				307962562AE2D9A10062317F /* MapContainerCoordinator.swift in Sources */,
				30BE20842ADC4D5600642F44 /* Tab.swift in Sources */,
				30BE20822ADC4D2B00642F44 /* AppSettings.swift in Sources */,
				30BE203D2ADC31F800642F44 /* chargeclausApp.swift in Sources */,
				30BE208E2ADC4EEB00642F44 /* HistoryView.swift in Sources */,
				30BE208C2ADC4EE300642F44 /* ChargeNowView.swift in Sources */,
				30BE20902ADC4EF200642F44 /* MoreView.swift in Sources */,
			);
			runOnlyForDeploymentPostprocessing = 0;
		};
		30BE20472ADC31F900642F44 /* Sources */ = {
			isa = PBXSourcesBuildPhase;
			buildActionMask = 2147483647;
			files = (
				30BE20502ADC31F900642F44 /* chargeclausTests.swift in Sources */,
			);
			runOnlyForDeploymentPostprocessing = 0;
		};
		30BE20512ADC31F900642F44 /* Sources */ = {
			isa = PBXSourcesBuildPhase;
			buildActionMask = 2147483647;
			files = (
				30BE205A2ADC31F900642F44 /* chargeclausUITests.swift in Sources */,
				30BE205C2ADC31F900642F44 /* chargeclausUITestsLaunchTests.swift in Sources */,
			);
			runOnlyForDeploymentPostprocessing = 0;
		};
/* End PBXSourcesBuildPhase section */

/* Begin PBXTargetDependency section */
		30BE204D2ADC31F900642F44 /* PBXTargetDependency */ = {
			isa = PBXTargetDependency;
			target = 30BE20382ADC31F800642F44 /* chargeclaus */;
			targetProxy = 30BE204C2ADC31F900642F44 /* PBXContainerItemProxy */;
		};
		30BE20572ADC31F900642F44 /* PBXTargetDependency */ = {
			isa = PBXTargetDependency;
			target = 30BE20382ADC31F800642F44 /* chargeclaus */;
			targetProxy = 30BE20562ADC31F900642F44 /* PBXContainerItemProxy */;
		};
/* End PBXTargetDependency section */

/* Begin XCBuildConfiguration section */
		30BE205D2ADC31F900642F44 /* Debug */ = {
			isa = XCBuildConfiguration;
			buildSettings = {
				ALWAYS_SEARCH_USER_PATHS = NO;
				ASSETCATALOG_COMPILER_GENERATE_SWIFT_ASSET_SYMBOL_EXTENSIONS = YES;
				CLANG_ANALYZER_NONNULL = YES;
				CLANG_ANALYZER_NUMBER_OBJECT_CONVERSION = YES_AGGRESSIVE;
				CLANG_CXX_LANGUAGE_STANDARD = "gnu++20";
				CLANG_ENABLE_MODULES = YES;
				CLANG_ENABLE_OBJC_ARC = YES;
				CLANG_ENABLE_OBJC_WEAK = YES;
				CLANG_WARN_BLOCK_CAPTURE_AUTORELEASING = YES;
				CLANG_WARN_BOOL_CONVERSION = YES;
				CLANG_WARN_COMMA = YES;
				CLANG_WARN_CONSTANT_CONVERSION = YES;
				CLANG_WARN_DEPRECATED_OBJC_IMPLEMENTATIONS = YES;
				CLANG_WARN_DIRECT_OBJC_ISA_USAGE = YES_ERROR;
				CLANG_WARN_DOCUMENTATION_COMMENTS = YES;
				CLANG_WARN_EMPTY_BODY = YES;
				CLANG_WARN_ENUM_CONVERSION = YES;
				CLANG_WARN_INFINITE_RECURSION = YES;
				CLANG_WARN_INT_CONVERSION = YES;
				CLANG_WARN_NON_LITERAL_NULL_CONVERSION = YES;
				CLANG_WARN_OBJC_IMPLICIT_RETAIN_SELF = YES;
				CLANG_WARN_OBJC_LITERAL_CONVERSION = YES;
				CLANG_WARN_OBJC_ROOT_CLASS = YES_ERROR;
				CLANG_WARN_QUOTED_INCLUDE_IN_FRAMEWORK_HEADER = YES;
				CLANG_WARN_RANGE_LOOP_ANALYSIS = YES;
				CLANG_WARN_STRICT_PROTOTYPES = YES;
				CLANG_WARN_SUSPICIOUS_MOVE = YES;
				CLANG_WARN_UNGUARDED_AVAILABILITY = YES_AGGRESSIVE;
				CLANG_WARN_UNREACHABLE_CODE = YES;
				CLANG_WARN__DUPLICATE_METHOD_MATCH = YES;
				COPY_PHASE_STRIP = NO;
				DEBUG_INFORMATION_FORMAT = dwarf;
				ENABLE_STRICT_OBJC_MSGSEND = YES;
				ENABLE_TESTABILITY = YES;
				ENABLE_USER_SCRIPT_SANDBOXING = YES;
				GCC_C_LANGUAGE_STANDARD = gnu17;
				GCC_DYNAMIC_NO_PIC = NO;
				GCC_NO_COMMON_BLOCKS = YES;
				GCC_OPTIMIZATION_LEVEL = 0;
				GCC_PREPROCESSOR_DEFINITIONS = (
					"DEBUG=1",
					"$(inherited)",
				);
				GCC_WARN_64_TO_32_BIT_CONVERSION = YES;
				GCC_WARN_ABOUT_RETURN_TYPE = YES_ERROR;
				GCC_WARN_UNDECLARED_SELECTOR = YES;
				GCC_WARN_UNINITIALIZED_AUTOS = YES_AGGRESSIVE;
				GCC_WARN_UNUSED_FUNCTION = YES;
				GCC_WARN_UNUSED_VARIABLE = YES;
				IPHONEOS_DEPLOYMENT_TARGET = 17.0;
				LOCALIZATION_PREFERS_STRING_CATALOGS = YES;
				MTL_ENABLE_DEBUG_INFO = INCLUDE_SOURCE;
				MTL_FAST_MATH = YES;
				ONLY_ACTIVE_ARCH = YES;
				SDKROOT = iphoneos;
				SWIFT_ACTIVE_COMPILATION_CONDITIONS = "DEBUG $(inherited)";
				SWIFT_OPTIMIZATION_LEVEL = "-Onone";
			};
			name = Debug;
		};
		30BE205E2ADC31F900642F44 /* Release */ = {
			isa = XCBuildConfiguration;
			buildSettings = {
				ALWAYS_SEARCH_USER_PATHS = NO;
				ASSETCATALOG_COMPILER_GENERATE_SWIFT_ASSET_SYMBOL_EXTENSIONS = YES;
				CLANG_ANALYZER_NONNULL = YES;
				CLANG_ANALYZER_NUMBER_OBJECT_CONVERSION = YES_AGGRESSIVE;
				CLANG_CXX_LANGUAGE_STANDARD = "gnu++20";
				CLANG_ENABLE_MODULES = YES;
				CLANG_ENABLE_OBJC_ARC = YES;
				CLANG_ENABLE_OBJC_WEAK = YES;
				CLANG_WARN_BLOCK_CAPTURE_AUTORELEASING = YES;
				CLANG_WARN_BOOL_CONVERSION = YES;
				CLANG_WARN_COMMA = YES;
				CLANG_WARN_CONSTANT_CONVERSION = YES;
				CLANG_WARN_DEPRECATED_OBJC_IMPLEMENTATIONS = YES;
				CLANG_WARN_DIRECT_OBJC_ISA_USAGE = YES_ERROR;
				CLANG_WARN_DOCUMENTATION_COMMENTS = YES;
				CLANG_WARN_EMPTY_BODY = YES;
				CLANG_WARN_ENUM_CONVERSION = YES;
				CLANG_WARN_INFINITE_RECURSION = YES;
				CLANG_WARN_INT_CONVERSION = YES;
				CLANG_WARN_NON_LITERAL_NULL_CONVERSION = YES;
				CLANG_WARN_OBJC_IMPLICIT_RETAIN_SELF = YES;
				CLANG_WARN_OBJC_LITERAL_CONVERSION = YES;
				CLANG_WARN_OBJC_ROOT_CLASS = YES_ERROR;
				CLANG_WARN_QUOTED_INCLUDE_IN_FRAMEWORK_HEADER = YES;
				CLANG_WARN_RANGE_LOOP_ANALYSIS = YES;
				CLANG_WARN_STRICT_PROTOTYPES = YES;
				CLANG_WARN_SUSPICIOUS_MOVE = YES;
				CLANG_WARN_UNGUARDED_AVAILABILITY = YES_AGGRESSIVE;
				CLANG_WARN_UNREACHABLE_CODE = YES;
				CLANG_WARN__DUPLICATE_METHOD_MATCH = YES;
				COPY_PHASE_STRIP = NO;
				DEBUG_INFORMATION_FORMAT = "dwarf-with-dsym";
				ENABLE_NS_ASSERTIONS = NO;
				ENABLE_STRICT_OBJC_MSGSEND = YES;
				ENABLE_USER_SCRIPT_SANDBOXING = YES;
				GCC_C_LANGUAGE_STANDARD = gnu17;
				GCC_NO_COMMON_BLOCKS = YES;
				GCC_WARN_64_TO_32_BIT_CONVERSION = YES;
				GCC_WARN_ABOUT_RETURN_TYPE = YES_ERROR;
				GCC_WARN_UNDECLARED_SELECTOR = YES;
				GCC_WARN_UNINITIALIZED_AUTOS = YES_AGGRESSIVE;
				GCC_WARN_UNUSED_FUNCTION = YES;
				GCC_WARN_UNUSED_VARIABLE = YES;
				IPHONEOS_DEPLOYMENT_TARGET = 17.0;
				LOCALIZATION_PREFERS_STRING_CATALOGS = YES;
				MTL_ENABLE_DEBUG_INFO = NO;
				MTL_FAST_MATH = YES;
				SDKROOT = iphoneos;
				SWIFT_COMPILATION_MODE = wholemodule;
				VALIDATE_PRODUCT = YES;
			};
			name = Release;
		};
		30BE20602ADC31F900642F44 /* Debug */ = {
			isa = XCBuildConfiguration;
			buildSettings = {
				ASSETCATALOG_COMPILER_APPICON_NAME = AppIcon;
				ASSETCATALOG_COMPILER_GLOBAL_ACCENT_COLOR_NAME = AccentColor;
				CODE_SIGN_STYLE = Automatic;
				CURRENT_PROJECT_VERSION = 1;
				DEVELOPMENT_ASSET_PATHS = "\"chargeclaus/Preview Content\"";
				DEVELOPMENT_TEAM = HS8PVR3BLT;
				ENABLE_PREVIEWS = YES;
				GENERATE_INFOPLIST_FILE = YES;
				INFOPLIST_KEY_UIApplicationSceneManifest_Generation = YES;
				INFOPLIST_KEY_UIApplicationSupportsIndirectInputEvents = YES;
				INFOPLIST_KEY_UILaunchScreen_Generation = YES;
				INFOPLIST_KEY_UISupportedInterfaceOrientations_iPad = "UIInterfaceOrientationPortrait UIInterfaceOrientationPortraitUpsideDown UIInterfaceOrientationLandscapeLeft UIInterfaceOrientationLandscapeRight";
				INFOPLIST_KEY_UISupportedInterfaceOrientations_iPhone = "UIInterfaceOrientationPortrait UIInterfaceOrientationLandscapeLeft UIInterfaceOrientationLandscapeRight";
				LD_RUNPATH_SEARCH_PATHS = (
					"$(inherited)",
					"@executable_path/Frameworks",
				);
				MARKETING_VERSION = 1.0;
				PRODUCT_BUNDLE_IDENTIFIER = craftcode.chargeclaus;
				PRODUCT_NAME = "$(TARGET_NAME)";
				SWIFT_EMIT_LOC_STRINGS = YES;
				SWIFT_VERSION = 5.0;
				TARGETED_DEVICE_FAMILY = "1,2";
			};
			name = Debug;
		};
		30BE20612ADC31F900642F44 /* Release */ = {
			isa = XCBuildConfiguration;
			buildSettings = {
				ASSETCATALOG_COMPILER_APPICON_NAME = AppIcon;
				ASSETCATALOG_COMPILER_GLOBAL_ACCENT_COLOR_NAME = AccentColor;
				CODE_SIGN_STYLE = Automatic;
				CURRENT_PROJECT_VERSION = 1;
				DEVELOPMENT_ASSET_PATHS = "\"chargeclaus/Preview Content\"";
				DEVELOPMENT_TEAM = HS8PVR3BLT;
				ENABLE_PREVIEWS = YES;
				GENERATE_INFOPLIST_FILE = YES;
				INFOPLIST_KEY_UIApplicationSceneManifest_Generation = YES;
				INFOPLIST_KEY_UIApplicationSupportsIndirectInputEvents = YES;
				INFOPLIST_KEY_UILaunchScreen_Generation = YES;
				INFOPLIST_KEY_UISupportedInterfaceOrientations_iPad = "UIInterfaceOrientationPortrait UIInterfaceOrientationPortraitUpsideDown UIInterfaceOrientationLandscapeLeft UIInterfaceOrientationLandscapeRight";
				INFOPLIST_KEY_UISupportedInterfaceOrientations_iPhone = "UIInterfaceOrientationPortrait UIInterfaceOrientationLandscapeLeft UIInterfaceOrientationLandscapeRight";
				LD_RUNPATH_SEARCH_PATHS = (
					"$(inherited)",
					"@executable_path/Frameworks",
				);
				MARKETING_VERSION = 1.0;
				PRODUCT_BUNDLE_IDENTIFIER = craftcode.chargeclaus;
				PRODUCT_NAME = "$(TARGET_NAME)";
				SWIFT_EMIT_LOC_STRINGS = YES;
				SWIFT_VERSION = 5.0;
				TARGETED_DEVICE_FAMILY = "1,2";
			};
			name = Release;
		};
		30BE20632ADC31F900642F44 /* Debug */ = {
			isa = XCBuildConfiguration;
			buildSettings = {
				ALWAYS_EMBED_SWIFT_STANDARD_LIBRARIES = YES;
				BUNDLE_LOADER = "$(TEST_HOST)";
				CODE_SIGN_STYLE = Automatic;
				CURRENT_PROJECT_VERSION = 1;
				DEVELOPMENT_TEAM = HS8PVR3BLT;
				GENERATE_INFOPLIST_FILE = YES;
				IPHONEOS_DEPLOYMENT_TARGET = 17.0;
				MARKETING_VERSION = 1.0;
				PRODUCT_BUNDLE_IDENTIFIER = craftcode.chargeclausTests;
				PRODUCT_NAME = "$(TARGET_NAME)";
				SWIFT_EMIT_LOC_STRINGS = NO;
				SWIFT_VERSION = 5.0;
				TARGETED_DEVICE_FAMILY = "1,2";
				TEST_HOST = "$(BUILT_PRODUCTS_DIR)/chargeclaus.app/$(BUNDLE_EXECUTABLE_FOLDER_PATH)/chargeclaus";
			};
			name = Debug;
		};
		30BE20642ADC31F900642F44 /* Release */ = {
			isa = XCBuildConfiguration;
			buildSettings = {
				ALWAYS_EMBED_SWIFT_STANDARD_LIBRARIES = YES;
				BUNDLE_LOADER = "$(TEST_HOST)";
				CODE_SIGN_STYLE = Automatic;
				CURRENT_PROJECT_VERSION = 1;
				DEVELOPMENT_TEAM = HS8PVR3BLT;
				GENERATE_INFOPLIST_FILE = YES;
				IPHONEOS_DEPLOYMENT_TARGET = 17.0;
				MARKETING_VERSION = 1.0;
				PRODUCT_BUNDLE_IDENTIFIER = craftcode.chargeclausTests;
				PRODUCT_NAME = "$(TARGET_NAME)";
				SWIFT_EMIT_LOC_STRINGS = NO;
				SWIFT_VERSION = 5.0;
				TARGETED_DEVICE_FAMILY = "1,2";
				TEST_HOST = "$(BUILT_PRODUCTS_DIR)/chargeclaus.app/$(BUNDLE_EXECUTABLE_FOLDER_PATH)/chargeclaus";
			};
			name = Release;
		};
		30BE20662ADC31F900642F44 /* Debug */ = {
			isa = XCBuildConfiguration;
			buildSettings = {
				ALWAYS_EMBED_SWIFT_STANDARD_LIBRARIES = YES;
				CODE_SIGN_STYLE = Automatic;
				CURRENT_PROJECT_VERSION = 1;
				DEVELOPMENT_TEAM = HS8PVR3BLT;
				GENERATE_INFOPLIST_FILE = YES;
				MARKETING_VERSION = 1.0;
				PRODUCT_BUNDLE_IDENTIFIER = craftcode.chargeclausUITests;
				PRODUCT_NAME = "$(TARGET_NAME)";
				SWIFT_EMIT_LOC_STRINGS = NO;
				SWIFT_VERSION = 5.0;
				TARGETED_DEVICE_FAMILY = "1,2";
				TEST_TARGET_NAME = chargeclaus;
			};
			name = Debug;
		};
		30BE20672ADC31F900642F44 /* Release */ = {
			isa = XCBuildConfiguration;
			buildSettings = {
				ALWAYS_EMBED_SWIFT_STANDARD_LIBRARIES = YES;
				CODE_SIGN_STYLE = Automatic;
				CURRENT_PROJECT_VERSION = 1;
				DEVELOPMENT_TEAM = HS8PVR3BLT;
				GENERATE_INFOPLIST_FILE = YES;
				MARKETING_VERSION = 1.0;
				PRODUCT_BUNDLE_IDENTIFIER = craftcode.chargeclausUITests;
				PRODUCT_NAME = "$(TARGET_NAME)";
				SWIFT_EMIT_LOC_STRINGS = NO;
				SWIFT_VERSION = 5.0;
				TARGETED_DEVICE_FAMILY = "1,2";
				TEST_TARGET_NAME = chargeclaus;
			};
			name = Release;
		};
/* End XCBuildConfiguration section */

/* Begin XCConfigurationList section */
		30BE20342ADC31F800642F44 /* Build configuration list for PBXProject "chargeclaus" */ = {
			isa = XCConfigurationList;
			buildConfigurations = (
				30BE205D2ADC31F900642F44 /* Debug */,
				30BE205E2ADC31F900642F44 /* Release */,
			);
			defaultConfigurationIsVisible = 0;
			defaultConfigurationName = Release;
		};
		30BE205F2ADC31F900642F44 /* Build configuration list for PBXNativeTarget "chargeclaus" */ = {
			isa = XCConfigurationList;
			buildConfigurations = (
				30BE20602ADC31F900642F44 /* Debug */,
				30BE20612ADC31F900642F44 /* Release */,
			);
			defaultConfigurationIsVisible = 0;
			defaultConfigurationName = Release;
		};
		30BE20622ADC31F900642F44 /* Build configuration list for PBXNativeTarget "chargeclausTests" */ = {
			isa = XCConfigurationList;
			buildConfigurations = (
				30BE20632ADC31F900642F44 /* Debug */,
				30BE20642ADC31F900642F44 /* Release */,
			);
			defaultConfigurationIsVisible = 0;
			defaultConfigurationName = Release;
		};
		30BE20652ADC31F900642F44 /* Build configuration list for PBXNativeTarget "chargeclausUITests" */ = {
			isa = XCConfigurationList;
			buildConfigurations = (
				30BE20662ADC31F900642F44 /* Debug */,
				30BE20672ADC31F900642F44 /* Release */,
			);
			defaultConfigurationIsVisible = 0;
			defaultConfigurationName = Release;
		};
/* End XCConfigurationList section */

/* Begin XCRemoteSwiftPackageReference section */
		30BE20722ADC44BB00642F44 /* XCRemoteSwiftPackageReference "firebase-ios-sdk" */ = {
			isa = XCRemoteSwiftPackageReference;
			repositoryURL = "https://github.com/firebase/firebase-ios-sdk";
			requirement = {
				kind = upToNextMajorVersion;
				minimumVersion = 10.16.0;
			};
		};
/* End XCRemoteSwiftPackageReference section */

/* Begin XCSwiftPackageProductDependency section */
		30BE20732ADC44BB00642F44 /* FirebaseAnalytics */ = {
			isa = XCSwiftPackageProductDependency;
			package = 30BE20722ADC44BB00642F44 /* XCRemoteSwiftPackageReference "firebase-ios-sdk" */;
			productName = FirebaseAnalytics;
		};
		30BE20752ADC44BB00642F44 /* FirebaseAnalyticsSwift */ = {
			isa = XCSwiftPackageProductDependency;
			package = 30BE20722ADC44BB00642F44 /* XCRemoteSwiftPackageReference "firebase-ios-sdk" */;
			productName = FirebaseAnalyticsSwift;
		};
		30BE20772ADC44BB00642F44 /* FirebaseAuth */ = {
			isa = XCSwiftPackageProductDependency;
			package = 30BE20722ADC44BB00642F44 /* XCRemoteSwiftPackageReference "firebase-ios-sdk" */;
			productName = FirebaseAuth;
		};
		30BE20792ADC44BB00642F44 /* FirebaseFirestore */ = {
			isa = XCSwiftPackageProductDependency;
			package = 30BE20722ADC44BB00642F44 /* XCRemoteSwiftPackageReference "firebase-ios-sdk" */;
			productName = FirebaseFirestore;
		};
		30BE207B2ADC44BB00642F44 /* FirebaseFirestoreCombine-Community */ = {
			isa = XCSwiftPackageProductDependency;
			package = 30BE20722ADC44BB00642F44 /* XCRemoteSwiftPackageReference "firebase-ios-sdk" */;
			productName = "FirebaseFirestoreCombine-Community";
		};
		30BE207D2ADC44BB00642F44 /* FirebaseFirestoreSwift */ = {
			isa = XCSwiftPackageProductDependency;
			package = 30BE20722ADC44BB00642F44 /* XCRemoteSwiftPackageReference "firebase-ios-sdk" */;
			productName = FirebaseFirestoreSwift;
		};
		30BE207F2ADC44BB00642F44 /* FirebaseMessaging */ = {
			isa = XCSwiftPackageProductDependency;
			package = 30BE20722ADC44BB00642F44 /* XCRemoteSwiftPackageReference "firebase-ios-sdk" */;
			productName = FirebaseMessaging;
		};
/* End XCSwiftPackageProductDependency section */
	};
	rootObject = 30BE20312ADC31F800642F44 /* Project object */;
}
